
Microsoft Visual Studio Solution File, Format Version 12.00
# Visual Studio Version 17
VisualStudioVersion = 17.8.34511.84
MinimumVisualStudioVersion = 10.0.40219.1
Project("{8BC9CEB8-8B4A-11D0-8D11-00A0C91BC942}") = "ogl_renderer", "ogl_renderer.vcxproj", "{168373B2-DE59-4866-8535-389BCC98A42E}"
EndProject
Global
	GlobalSection(SolutionConfigurationPlatforms) = preSolution
		Debug|x64 = Debug|x64
		Debug|x86 = Debug|x86
		Release|x64 = Release|x64
		Release|x86 = Release|x86
	EndGlobalSection
	GlobalSection(ProjectConfigurationPlatforms) = postSolution
		{168373B2-DE59-4866-8535-389BCC98A42E}.Debug|x64.ActiveCfg = Debug|x64
		{168373B2-DE59-4866-8535-389BCC98A42E}.Debug|x64.Build.0 = Debug|x64
		{168373B2-DE59-4866-8535-389BCC98A42E}.Debug|x86.ActiveCfg = Debug|Win32
		{168373B2-DE59-4866-8535-389BCC98A42E}.Debug|x86.Build.0 = Debug|Win32
		{168373B2-DE59-4866-8535-389BCC98A42E}.Release|x64.ActiveCfg = Release|x64
		{168373B2-DE59-4866-8535-389BCC98A42E}.Release|x64.Build.0 = Release|x64
		{168373B2-DE59-4866-8535-389BCC98A42E}.Release|x86.ActiveCfg = Release|Win32
		{168373B2-DE59-4866-8535-389BCC98A42E}.Release|x86.Build.0 = Release|Win32
	EndGlobalSection
	GlobalSection(SolutionProperties) = preSolution
		HideSolutionNode = FALSE
	EndGlobalSection
	GlobalSection(ExtensibilityGlobals) = postSolution
		SolutionGuid = {B0CB61B3-43AD-4E72-A696-71CB0F85903E}
	EndGlobalSection
EndGlobal
